
Microsoft Visual Studio Solution File, Format Version 12.00
Project("{FAE04EC0-301F-11D3-BF4B-00C04F79EFBC}") = "Application", "Application\Application.csproj", "{63FBDC91-FCE7-4B47-996A-C7C9E673F8DB}"
EndProject
Global
	GlobalSection(SolutionConfigurationPlatforms) = preSolution
		Debug|Any CPU = Debug|Any CPU
		Release|Any CPU = Release|Any CPU
	EndGlobalSection
	GlobalSection(ProjectConfigurationPlatforms) = postSolution
		{63FBDC91-FCE7-4B47-996A-C7C9E673F8DB}.Debug|Any CPU.ActiveCfg = Debug|Any CPU
		{63FBDC91-FCE7-4B47-996A-C7C9E673F8DB}.Debug|Any CPU.Build.0 = Debug|Any CPU
		{63FBDC91-FCE7-4B47-996A-C7C9E673F8DB}.Release|Any CPU.ActiveCfg = Release|Any CPU
		{63FBDC91-FCE7-4B47-996A-C7C9E673F8DB}.Release|Any CPU.Build.0 = Release|Any CPU
	EndGlobalSection
EndGlobal
